
Microsoft Visual Studio Solution File, Format Version 12.00
# Visual Studio Version 17
VisualStudioVersion = 17.14.36121.58 d17.14
MinimumVisualStudioVersion = 10.0.40219.1
Project("{2150E333-8FDC-42A3-9474-1A3956D46DE8}") = "Solution Items", "Solution Items", "{F4CFAC33-7139-48D9-BCAD-2E83479930D9}"
	ProjectSection(SolutionItems) = preProject
		README.md = README.md
	EndProjectSection
EndProject
Project("{9A19103F-16F7-4668-BE54-9A1E7A4F7556}") = "FolderIconChangerWPF", "FolderIconChangerWPF\FolderIconChangerWPF.csproj", "{668A3B74-BBA7-4CEC-A511-C9ED01ED52DE}"
EndProject
Project("{FAE04EC0-301F-11D3-BF4B-00C04F79EFBC}") = "build", "build\build.csproj", "{70D87FD6-CBA2-4CE1-844F-EAEAC9E58920}"
EndProject
Global
	GlobalSection(SolutionConfigurationPlatforms) = preSolution
		Debug|Any CPU = Debug|Any CPU
		Release|Any CPU = Release|Any CPU
	EndGlobalSection
	GlobalSection(ProjectConfigurationPlatforms) = postSolution
		{668A3B74-BBA7-4CEC-A511-C9ED01ED52DE}.Debug|Any CPU.ActiveCfg = Debug|Any CPU
		{668A3B74-BBA7-4CEC-A511-C9ED01ED52DE}.Debug|Any CPU.Build.0 = Debug|Any CPU
		{668A3B74-BBA7-4CEC-A511-C9ED01ED52DE}.Release|Any CPU.ActiveCfg = Release|Any CPU
		{668A3B74-BBA7-4CEC-A511-C9ED01ED52DE}.Release|Any CPU.Build.0 = Release|Any CPU
		{70D87FD6-CBA2-4CE1-844F-EAEAC9E58920}.Debug|Any CPU.ActiveCfg = Debug|Any CPU
		{70D87FD6-CBA2-4CE1-844F-EAEAC9E58920}.Debug|Any CPU.Build.0 = Debug|Any CPU
		{70D87FD6-CBA2-4CE1-844F-EAEAC9E58920}.Release|Any CPU.ActiveCfg = Release|Any CPU
		{70D87FD6-CBA2-4CE1-844F-EAEAC9E58920}.Release|Any CPU.Build.0 = Release|Any CPU
	EndGlobalSection
	GlobalSection(SolutionProperties) = preSolution
		HideSolutionNode = FALSE
	EndGlobalSection
	GlobalSection(ExtensibilityGlobals) = postSolution
		SolutionGuid = {0A483947-F892-4DB8-B9CF-F8FBFFD956E2}
	EndGlobalSection
EndGlobal
