<Solution>
  <Configurations>
    <Platform Name="Any CPU" />
    <Platform Name="x64" />
    <Platform Name="x86" />
  </Configurations>
  <Folder Name="/Solution Items/">
    <File Path="FolderIconChanger_Installer_x64.iss" />
    <File Path="FolderIconChanger_Installer_x86.iss" />
    <File Path="global.json" />
    <File Path="README.md" />
  </Folder>
  <Project Path="build/build.csproj">
    <Platform Solution="*|x64" Project="x64" />
    <Platform Solution="*|x86" Project="x86" />
  </Project>
  <Project Path="FolderIconChangerWPF/FolderIconChangerWPF.csproj">
    <Platform Solution="*|x64" Project="x64" />
    <Platform Solution="*|x86" Project="x86" />
  </Project>
</Solution>
